
Microsoft Visual Studio Solution File, Format Version 12.00
# Visual Studio Version 17
VisualStudioVersion = 17.10.35122.118
MinimumVisualStudioVersion = 10.0.40219.1
Project("{FAE04EC0-301F-11D3-BF4B-00C04F79EFBC}") = "EFCodeFirstAssignment1", "EFCodeFirstAssignment1\EFCodeFirstAssignment1.csproj", "{5D7C5B70-0E73-4BFF-96F9-FA2C56635AEC}"
EndProject
Global
	GlobalSection(SolutionConfigurationPlatforms) = preSolution
		Debug|Any CPU = Debug|Any CPU
		Release|Any CPU = Release|Any CPU
	EndGlobalSection
	GlobalSection(ProjectConfigurationPlatforms) = postSolution
		{5D7C5B70-0E73-4BFF-96F9-FA2C56635AEC}.Debug|Any CPU.ActiveCfg = Debug|Any CPU
		{5D7C5B70-0E73-4BFF-96F9-FA2C56635AEC}.Debug|Any CPU.Build.0 = Debug|Any CPU
		{5D7C5B70-0E73-4BFF-96F9-FA2C56635AEC}.Release|Any CPU.ActiveCfg = Release|Any CPU
		{5D7C5B70-0E73-4BFF-96F9-FA2C56635AEC}.Release|Any CPU.Build.0 = Release|Any CPU
	EndGlobalSection
	GlobalSection(SolutionProperties) = preSolution
		HideSolutionNode = FALSE
	EndGlobalSection
	GlobalSection(ExtensibilityGlobals) = postSolution
		SolutionGuid = {67DE6BE7-D643-4D25-B839-8E923E7E2C84}
	EndGlobalSection
EndGlobal
